
Microsoft Visual Studio Solution File, Format Version 12.00
Project("{FAE04EC0-301F-11D3-BF4B-00C04F79EFBC}") = "back-examen", "back-examen\back-examen.csproj", "{99E1BBBE-31BF-4353-B28F-4E8CFC539A47}"
EndProject
Global
	GlobalSection(SolutionConfigurationPlatforms) = preSolution
		Debug|Any CPU = Debug|Any CPU
		Release|Any CPU = Release|Any CPU
	EndGlobalSection
	GlobalSection(ProjectConfigurationPlatforms) = postSolution
		{99E1BBBE-31BF-4353-B28F-4E8CFC539A47}.Debug|Any CPU.ActiveCfg = Debug|Any CPU
		{99E1BBBE-31BF-4353-B28F-4E8CFC539A47}.Debug|Any CPU.Build.0 = Debug|Any CPU
		{99E1BBBE-31BF-4353-B28F-4E8CFC539A47}.Release|Any CPU.ActiveCfg = Release|Any CPU
		{99E1BBBE-31BF-4353-B28F-4E8CFC539A47}.Release|Any CPU.Build.0 = Release|Any CPU
	EndGlobalSection
EndGlobal
